dependencies:
- name: tx-data-provider
  repository: file://../tx-data-provider
  version: 0.5.0
- name: tractusx-identityhub
  repository: https://eclipse-tractusx.github.io/charts/dev
  version: v0.3.2
- name: vault
  repository: https://helm.releases.hashicorp.com
  version: 0.27.0
- name: postgresql
  repository: https://charts.bitnami.com/bitnami
  version: 15.2.1
digest: sha256:49a4794fff9c796aad0761dad9ebfaf8f8fbd8bf37e74ffe50104e436085ad14
generated: "2026-08-17T08:57:22.3007103-03:00"
